
Microsoft Visual Studio Solution File, Format Version 12.00
# Visual Studio Version 17
VisualStudioVersion = 17.14.37216.2 d17.14
MinimumVisualStudioVersion = 10.0.40219.1
Project("{FAE04EC0-301F-11D3-BF4B-00C04F79EFBC}") = "CalculadoraCdb.Api", "CalculadoraCdb.Api\CalculadoraCdb.Api.csproj", "{2C88CA5D-3BC4-4D96-802D-5B8790C4E12D}"
EndProject
Project("{FAE04EC0-301F-11D3-BF4B-00C04F79EFBC}") = "CalculadoraCdb.Tests", "CalculadoraCdb.Tests\CalculadoraCdb.Tests.csproj", "{F9D3A933-F613-4047-9795-A44C6667E637}"
EndProject
Project("{FAE04EC0-301F-11D3-BF4B-00C04F79EFBC}") = "CalculadoraCdb.Domain", "CalculadoraCdb.Domain\CalculadoraCdb.Domain.csproj", "{3A5C8E7B-1D4F-4A2E-9C6B-8D2F5A3E7C1B}"
EndProject
Global
	GlobalSection(SolutionConfigurationPlatforms) = preSolution
		Debug|Any CPU = Debug|Any CPU
		Release|Any CPU = Release|Any CPU
	EndGlobalSection
	GlobalSection(ProjectConfigurationPlatforms) = postSolution
		{2C88CA5D-3BC4-4D96-802D-5B8790C4E12D}.Debug|Any CPU.ActiveCfg = Debug|Any CPU
		{2C88CA5D-3BC4-4D96-802D-5B8790C4E12D}.Debug|Any CPU.Build.0 = Debug|Any CPU
		{2C88CA5D-3BC4-4D96-802D-5B8790C4E12D}.Release|Any CPU.ActiveCfg = Release|Any CPU
		{2C88CA5D-3BC4-4D96-802D-5B8790C4E12D}.Release|Any CPU.Build.0 = Release|Any CPU
		{F9D3A933-F613-4047-9795-A44C6667E637}.Debug|Any CPU.ActiveCfg = Debug|Any CPU
		{F9D3A933-F613-4047-9795-A44C6667E637}.Debug|Any CPU.Build.0 = Debug|Any CPU
		{F9D3A933-F613-4047-9795-A44C6667E637}.Release|Any CPU.ActiveCfg = Release|Any CPU
		{F9D3A933-F613-4047-9795-A44C6667E637}.Release|Any CPU.Build.0 = Release|Any CPU
		{3A5C8E7B-1D4F-4A2E-9C6B-8D2F5A3E7C1B}.Debug|Any CPU.ActiveCfg = Debug|Any CPU
		{3A5C8E7B-1D4F-4A2E-9C6B-8D2F5A3E7C1B}.Debug|Any CPU.Build.0 = Debug|Any CPU
		{3A5C8E7B-1D4F-4A2E-9C6B-8D2F5A3E7C1B}.Release|Any CPU.ActiveCfg = Release|Any CPU
		{3A5C8E7B-1D4F-4A2E-9C6B-8D2F5A3E7C1B}.Release|Any CPU.Build.0 = Release|Any CPU
	EndGlobalSection
	GlobalSection(SolutionProperties) = preSolution
		HideSolutionNode = FALSE
	EndGlobalSection
	GlobalSection(ExtensibilityGlobals) = postSolution
		SolutionGuid = {31A9FB4C-CE65-45F3-9F08-E733364E52F9}
	EndGlobalSection
EndGlobal
